
Microsoft Visual Studio Solution File, Format Version 12.00
# Visual Studio Version 16
VisualStudioVersion = 16.0.28803.202
MinimumVisualStudioVersion = 10.0.40219.1
Project("{FAE04EC0-301F-11D3-BF4B-00C04F79EFBC}") = "Queue-Of-Stacks", "Queue-Of-Stacks\Queue-Of-Stacks.csproj", "{FE986BA1-F715-4B21-AB4E-704819B53A68}"
EndProject
Global
	GlobalSection(SolutionConfigurationPlatforms) = preSolution
		Debug|Any CPU = Debug|Any CPU
		Release|Any CPU = Release|Any CPU
	EndGlobalSection
	GlobalSection(ProjectConfigurationPlatforms) = postSolution
		{FE986BA1-F715-4B21-AB4E-704819B53A68}.Debug|Any CPU.ActiveCfg = Debug|Any CPU
		{FE986BA1-F715-4B21-AB4E-704819B53A68}.Debug|Any CPU.Build.0 = Debug|Any CPU
		{FE986BA1-F715-4B21-AB4E-704819B53A68}.Release|Any CPU.ActiveCfg = Release|Any CPU
		{FE986BA1-F715-4B21-AB4E-704819B53A68}.Release|Any CPU.Build.0 = Release|Any CPU
	EndGlobalSection
	GlobalSection(SolutionProperties) = preSolution
		HideSolutionNode = FALSE
	EndGlobalSection
	GlobalSection(ExtensibilityGlobals) = postSolution
		SolutionGuid = {6BAAA4B4-8FF7-4C4D-83ED-A243B003E500}
	EndGlobalSection
EndGlobal
